
Microsoft Visual Studio Solution File, Format Version 12.00
# Visual Studio 15
Project("{FAE04EC0-301F-11D3-BF4B-00C04F79EFBC}") = "Assembly-CSharp", "Assembly-CSharp.csproj", "{87C4F121-C3B1-27EF-4D8D-682969F8E757}"
EndProject
Global
	GlobalSection(SolutionConfigurationPlatforms) = preSolution
		Debug|Any CPU = Debug|Any CPU
		Release|Any CPU = Release|Any CPU
	EndGlobalSection
	GlobalSection(ProjectConfigurationPlatforms) = postSolution
		{87C4F121-C3B1-27EF-4D8D-682969F8E757}.Debug|Any CPU.ActiveCfg = Debug|Any CPU
		{87C4F121-C3B1-27EF-4D8D-682969F8E757}.Debug|Any CPU.Build.0 = Debug|Any CPU
		{87C4F121-C3B1-27EF-4D8D-682969F8E757}.Release|Any CPU.ActiveCfg = Release|Any CPU
		{87C4F121-C3B1-27EF-4D8D-682969F8E757}.Release|Any CPU.Build.0 = Release|Any CPU
	EndGlobalSection
	GlobalSection(SolutionProperties) = preSolution
		HideSolutionNode = FALSE
	EndGlobalSection
EndGlobal
